
Microsoft Visual Studio Solution File, Format Version 12.00
# Visual Studio Version 17
VisualStudioVersion = 17.11.35222.181
MinimumVisualStudioVersion = 10.0.40219.1
Project("{9A19103F-16F7-4668-BE54-9A1E7A4F7556}") = "Blog.API", "Blog.API\Blog.API.csproj", "{F35C72F4-5FE7-410D-8B56-411E23C5B06B}"
EndProject
Project("{2150E333-8FDC-42A3-9474-1A3956D46DE8}") = "src", "src", "{786A7520-539B-4C80-A7D4-AB2EF039021B}"
EndProject
Project("{2150E333-8FDC-42A3-9474-1A3956D46DE8}") = "apps", "apps", "{A5D50523-7C1B-40C7-A6DA-1D9D3EA20226}"
EndProject
Project("{2150E333-8FDC-42A3-9474-1A3956D46DE8}") = "Comum", "Comum", "{F12FC830-44F5-49A7-B413-83A5D4D0BFC1}"
EndProject
Project("{2150E333-8FDC-42A3-9474-1A3956D46DE8}") = "testes", "testes", "{21023368-5DBA-4E5B-9781-0C61B15D18D1}"
EndProject
Project("{9A19103F-16F7-4668-BE54-9A1E7A4F7556}") = "Blog.Aplication", "Blog.Aplication\Blog.Aplication.csproj", "{CA54D3E4-5570-44BB-9EC9-FE8E8B159EDD}"
EndProject
Project("{9A19103F-16F7-4668-BE54-9A1E7A4F7556}") = "Blog.Contracts", "Blog.Contracts\Blog.Contracts.csproj", "{6B7484E5-5430-45B9-B01C-0D749C38E816}"
EndProject
Project("{9A19103F-16F7-4668-BE54-9A1E7A4F7556}") = "Blog.Domain", "Blog.Domain\Blog.Domain.csproj", "{DCBF920D-29A1-48C4-813B-8EB8821F8C95}"
EndProject
Project("{9A19103F-16F7-4668-BE54-9A1E7A4F7556}") = "Blog.Intrastruture", "Blog.Intrastruture\Blog.Intrastruture.csproj", "{DF88F8D6-3B43-4C93-8840-0A4703875411}"
EndProject
Project("{9A19103F-16F7-4668-BE54-9A1E7A4F7556}") = "Blog.Migrations", "Blog.Migrations\Blog.Migrations.csproj", "{EB61C77B-2DA0-42AB-8DA9-598EA7B92A28}"
EndProject
Project("{FAE04EC0-301F-11D3-BF4B-00C04F79EFBC}") = "Blog.Teste", "Blog.Teste\Blog.Teste.csproj", "{4FA31FC5-6B88-4657-BE7C-31A2DBE36B8C}"
EndProject
Global
	GlobalSection(SolutionConfigurationPlatforms) = preSolution
		Debug|Any CPU = Debug|Any CPU
		Release|Any CPU = Release|Any CPU
	EndGlobalSection
	GlobalSection(ProjectConfigurationPlatforms) = postSolution
		{F35C72F4-5FE7-410D-8B56-411E23C5B06B}.Debug|Any CPU.ActiveCfg = Debug|Any CPU
		{F35C72F4-5FE7-410D-8B56-411E23C5B06B}.Debug|Any CPU.Build.0 = Debug|Any CPU
		{F35C72F4-5FE7-410D-8B56-411E23C5B06B}.Release|Any CPU.ActiveCfg = Release|Any CPU
		{F35C72F4-5FE7-410D-8B56-411E23C5B06B}.Release|Any CPU.Build.0 = Release|Any CPU
		{CA54D3E4-5570-44BB-9EC9-FE8E8B159EDD}.Debug|Any CPU.ActiveCfg = Debug|Any CPU
		{CA54D3E4-5570-44BB-9EC9-FE8E8B159EDD}.Debug|Any CPU.Build.0 = Debug|Any CPU
		{CA54D3E4-5570-44BB-9EC9-FE8E8B159EDD}.Release|Any CPU.ActiveCfg = Release|Any CPU
		{CA54D3E4-5570-44BB-9EC9-FE8E8B159EDD}.Release|Any CPU.Build.0 = Release|Any CPU
		{6B7484E5-5430-45B9-B01C-0D749C38E816}.Debug|Any CPU.ActiveCfg = Debug|Any CPU
		{6B7484E5-5430-45B9-B01C-0D749C38E816}.Debug|Any CPU.Build.0 = Debug|Any CPU
		{6B7484E5-5430-45B9-B01C-0D749C38E816}.Release|Any CPU.ActiveCfg = Release|Any CPU
		{6B7484E5-5430-45B9-B01C-0D749C38E816}.Release|Any CPU.Build.0 = Release|Any CPU
		{DCBF920D-29A1-48C4-813B-8EB8821F8C95}.Debug|Any CPU.ActiveCfg = Debug|Any CPU
		{DCBF920D-29A1-48C4-813B-8EB8821F8C95}.Debug|Any CPU.Build.0 = Debug|Any CPU
		{DCBF920D-29A1-48C4-813B-8EB8821F8C95}.Release|Any CPU.ActiveCfg = Release|Any CPU
		{DCBF920D-29A1-48C4-813B-8EB8821F8C95}.Release|Any CPU.Build.0 = Release|Any CPU
		{DF88F8D6-3B43-4C93-8840-0A4703875411}.Debug|Any CPU.ActiveCfg = Debug|Any CPU
		{DF88F8D6-3B43-4C93-8840-0A4703875411}.Debug|Any CPU.Build.0 = Debug|Any CPU
		{DF88F8D6-3B43-4C93-8840-0A4703875411}.Release|Any CPU.ActiveCfg = Release|Any CPU
		{DF88F8D6-3B43-4C93-8840-0A4703875411}.Release|Any CPU.Build.0 = Release|Any CPU
		{EB61C77B-2DA0-42AB-8DA9-598EA7B92A28}.Debug|Any CPU.ActiveCfg = Debug|Any CPU
		{EB61C77B-2DA0-42AB-8DA9-598EA7B92A28}.Debug|Any CPU.Build.0 = Debug|Any CPU
		{EB61C77B-2DA0-42AB-8DA9-598EA7B92A28}.Release|Any CPU.ActiveCfg = Release|Any CPU
		{EB61C77B-2DA0-42AB-8DA9-598EA7B92A28}.Release|Any CPU.Build.0 = Release|Any CPU
		{4FA31FC5-6B88-4657-BE7C-31A2DBE36B8C}.Debug|Any CPU.ActiveCfg = Debug|Any CPU
		{4FA31FC5-6B88-4657-BE7C-31A2DBE36B8C}.Debug|Any CPU.Build.0 = Debug|Any CPU
		{4FA31FC5-6B88-4657-BE7C-31A2DBE36B8C}.Release|Any CPU.ActiveCfg = Release|Any CPU
		{4FA31FC5-6B88-4657-BE7C-31A2DBE36B8C}.Release|Any CPU.Build.0 = Release|Any CPU
	EndGlobalSection
	GlobalSection(SolutionProperties) = preSolution
		HideSolutionNode = FALSE
	EndGlobalSection
	GlobalSection(NestedProjects) = preSolution
		{F35C72F4-5FE7-410D-8B56-411E23C5B06B} = {A5D50523-7C1B-40C7-A6DA-1D9D3EA20226}
		{A5D50523-7C1B-40C7-A6DA-1D9D3EA20226} = {786A7520-539B-4C80-A7D4-AB2EF039021B}
		{F12FC830-44F5-49A7-B413-83A5D4D0BFC1} = {786A7520-539B-4C80-A7D4-AB2EF039021B}
		{21023368-5DBA-4E5B-9781-0C61B15D18D1} = {786A7520-539B-4C80-A7D4-AB2EF039021B}
		{CA54D3E4-5570-44BB-9EC9-FE8E8B159EDD} = {F12FC830-44F5-49A7-B413-83A5D4D0BFC1}
		{6B7484E5-5430-45B9-B01C-0D749C38E816} = {F12FC830-44F5-49A7-B413-83A5D4D0BFC1}
		{DCBF920D-29A1-48C4-813B-8EB8821F8C95} = {F12FC830-44F5-49A7-B413-83A5D4D0BFC1}
		{DF88F8D6-3B43-4C93-8840-0A4703875411} = {F12FC830-44F5-49A7-B413-83A5D4D0BFC1}
		{EB61C77B-2DA0-42AB-8DA9-598EA7B92A28} = {F12FC830-44F5-49A7-B413-83A5D4D0BFC1}
		{4FA31FC5-6B88-4657-BE7C-31A2DBE36B8C} = {21023368-5DBA-4E5B-9781-0C61B15D18D1}
	EndGlobalSection
	GlobalSection(ExtensibilityGlobals) = postSolution
		SolutionGuid = {8686A696-E70F-4121-A7FE-B9C75587F944}
	EndGlobalSection
EndGlobal
